
Microsoft Visual Studio Solution File, Format Version 12.00
# Visual Studio Version 17
VisualStudioVersion = 17.10.35122.118
MinimumVisualStudioVersion = 10.0.40219.1
Project("{8BC9CEB8-8B4A-11D0-8D11-00A0C91BC942}") = "Console_begin", "Console_begin.vcxproj", "{2F902175-CFA7-4F88-B4C3-056A2F6FCA87}"
EndProject
Global
	GlobalSection(SolutionConfigurationPlatforms) = preSolution
		Debug|x64 = Debug|x64
		Debug|x86 = Debug|x86
		Release|x64 = Release|x64
		Release|x86 = Release|x86
	EndGlobalSection
	GlobalSection(ProjectConfigurationPlatforms) = postSolution
		{2F902175-CFA7-4F88-B4C3-056A2F6FCA87}.Debug|x64.ActiveCfg = Debug|x64
		{2F902175-CFA7-4F88-B4C3-056A2F6FCA87}.Debug|x64.Build.0 = Debug|x64
		{2F902175-CFA7-4F88-B4C3-056A2F6FCA87}.Debug|x86.ActiveCfg = Debug|Win32
		{2F902175-CFA7-4F88-B4C3-056A2F6FCA87}.Debug|x86.Build.0 = Debug|Win32
		{2F902175-CFA7-4F88-B4C3-056A2F6FCA87}.Release|x64.ActiveCfg = Release|x64
		{2F902175-CFA7-4F88-B4C3-056A2F6FCA87}.Release|x64.Build.0 = Release|x64
		{2F902175-CFA7-4F88-B4C3-056A2F6FCA87}.Release|x86.ActiveCfg = Release|Win32
		{2F902175-CFA7-4F88-B4C3-056A2F6FCA87}.Release|x86.Build.0 = Release|Win32
	EndGlobalSection
	GlobalSection(SolutionProperties) = preSolution
		HideSolutionNode = FALSE
	EndGlobalSection
	GlobalSection(ExtensibilityGlobals) = postSolution
		SolutionGuid = {45C83073-DEEE-497D-9558-16F5DA0B2E47}
	EndGlobalSection
EndGlobal
